
Microsoft Visual Studio Solution File, Format Version 12.00
# Visual Studio Version 16
VisualStudioVersion = 16.0.30717.126
MinimumVisualStudioVersion = 10.0.40219.1
Project("{FAE04EC0-301F-11D3-BF4B-00C04F79EFBC}") = "Emre.MvcWebUI", "Emre.MvcWebUI\Emre.MvcWebUI.csproj", "{89C7A9B4-A790-4E75-A159-C798D0CD1724}"
EndProject
Global
	GlobalSection(SolutionConfigurationPlatforms) = preSolution
		Debug|Any CPU = Debug|Any CPU
		Release|Any CPU = Release|Any CPU
	EndGlobalSection
	GlobalSection(ProjectConfigurationPlatforms) = postSolution
		{89C7A9B4-A790-4E75-A159-C798D0CD1724}.Debug|Any CPU.ActiveCfg = Debug|Any CPU
		{89C7A9B4-A790-4E75-A159-C798D0CD1724}.Debug|Any CPU.Build.0 = Debug|Any CPU
		{89C7A9B4-A790-4E75-A159-C798D0CD1724}.Release|Any CPU.ActiveCfg = Release|Any CPU
		{89C7A9B4-A790-4E75-A159-C798D0CD1724}.Release|Any CPU.Build.0 = Release|Any CPU
	EndGlobalSection
	GlobalSection(SolutionProperties) = preSolution
		HideSolutionNode = FALSE
	EndGlobalSection
	GlobalSection(ExtensibilityGlobals) = postSolution
		SolutionGuid = {DE27AA10-090D-47DF-9176-88CD64C6D517}
	EndGlobalSection
EndGlobal
